
Microsoft Visual Studio Solution File, Format Version 12.00
# Visual Studio 14
VisualStudioVersion = 14.0.25420.1
MinimumVisualStudioVersion = 10.0.40219.1
Project("{2150E333-8FDC-42A3-9474-1A3956D46DE8}") = "SampleCallerCPP", "SampleCallerCPP", "{CAE520FC-7325-4547-A5EA-98BC816E46DA}"
EndProject
Project("{8BC9CEB8-8B4A-11D0-8D11-00A0C91BC942}") = "SampleCallerCPP.Shared", "SampleCallerCPP\SampleCallerCPP.Shared\SampleCallerCPP.Shared.vcxitems", "{21BDCD1A-9051-4937-9CC1-5C7813546D7D}"
EndProject
Project("{8BC9CEB8-8B4A-11D0-8D11-00A0C91BC942}") = "SampleCallerCPP.Windows", "SampleCallerCPP\SampleCallerCPP.Windows\SampleCallerCPP.Windows.vcxproj", "{DE051F03-9976-4426-B256-4B94FA79767D}"
EndProject
Project("{8BC9CEB8-8B4A-11D0-8D11-00A0C91BC942}") = "SampleCallerCPP.WindowsPhone", "SampleCallerCPP\SampleCallerCPP.WindowsPhone\SampleCallerCPP.WindowsPhone.vcxproj", "{D600C603-C831-4B53-AB6D-935564AC38DF}"
EndProject
Project("{8BC9CEB8-8B4A-11D0-8D11-00A0C91BC942}") = "WRLSample.Windows", "..\WinRTComponent\WRLSample\WRLSample.Windows\WRLSample.Windows.vcxproj", "{584D1DC6-623E-47AC-A63F-0827D49B5CA3}"
EndProject
Global
	GlobalSection(SharedMSBuildProjectFiles) = preSolution
		SampleCallerCPP\SampleCallerCPP.Shared\SampleCallerCPP.Shared.vcxitems*{21bdcd1a-9051-4937-9cc1-5c7813546d7d}*SharedItemsImports = 9
		..\WinRTComponent\WRLSample\WRLSample.Shared\WRLSample.Shared.vcxitems*{584d1dc6-623e-47ac-a63f-0827d49b5ca3}*SharedItemsImports = 4
		SampleCallerCPP\SampleCallerCPP.Shared\SampleCallerCPP.Shared.vcxitems*{d600c603-c831-4b53-ab6d-935564ac38df}*SharedItemsImports = 4
		SampleCallerCPP\SampleCallerCPP.Shared\SampleCallerCPP.Shared.vcxitems*{de051f03-9976-4426-b256-4b94fa79767d}*SharedItemsImports = 4
	EndGlobalSection
	GlobalSection(SolutionConfigurationPlatforms) = preSolution
		Debug|ARM = Debug|ARM
		Debug|x64 = Debug|x64
		Debug|x86 = Debug|x86
		Release|ARM = Release|ARM
		Release|x64 = Release|x64
		Release|x86 = Release|x86
	EndGlobalSection
	GlobalSection(ProjectConfigurationPlatforms) = postSolution
		{DE051F03-9976-4426-B256-4B94FA79767D}.Debug|ARM.ActiveCfg = Debug|ARM
		{DE051F03-9976-4426-B256-4B94FA79767D}.Debug|ARM.Build.0 = Debug|ARM
		{DE051F03-9976-4426-B256-4B94FA79767D}.Debug|ARM.Deploy.0 = Debug|ARM
		{DE051F03-9976-4426-B256-4B94FA79767D}.Debug|x64.ActiveCfg = Debug|x64
		{DE051F03-9976-4426-B256-4B94FA79767D}.Debug|x64.Build.0 = Debug|x64
		{DE051F03-9976-4426-B256-4B94FA79767D}.Debug|x64.Deploy.0 = Debug|x64
		{DE051F03-9976-4426-B256-4B94FA79767D}.Debug|x86.ActiveCfg = Debug|Win32
		{DE051F03-9976-4426-B256-4B94FA79767D}.Debug|x86.Build.0 = Debug|Win32
		{DE051F03-9976-4426-B256-4B94FA79767D}.Debug|x86.Deploy.0 = Debug|Win32
		{DE051F03-9976-4426-B256-4B94FA79767D}.Release|ARM.ActiveCfg = Release|ARM
		{DE051F03-9976-4426-B256-4B94FA79767D}.Release|ARM.Build.0 = Release|ARM
		{DE051F03-9976-4426-B256-4B94FA79767D}.Release|ARM.Deploy.0 = Release|ARM
		{DE051F03-9976-4426-B256-4B94FA79767D}.Release|x64.ActiveCfg = Release|x64
		{DE051F03-9976-4426-B256-4B94FA79767D}.Release|x64.Build.0 = Release|x64
		{DE051F03-9976-4426-B256-4B94FA79767D}.Release|x64.Deploy.0 = Release|x64
		{DE051F03-9976-4426-B256-4B94FA79767D}.Release|x86.ActiveCfg = Release|Win32
		{DE051F03-9976-4426-B256-4B94FA79767D}.Release|x86.Build.0 = Release|Win32
		{DE051F03-9976-4426-B256-4B94FA79767D}.Release|x86.Deploy.0 = Release|Win32
		{D600C603-C831-4B53-AB6D-935564AC38DF}.Debug|ARM.ActiveCfg = Debug|ARM
		{D600C603-C831-4B53-AB6D-935564AC38DF}.Debug|ARM.Build.0 = Debug|ARM
		{D600C603-C831-4B53-AB6D-935564AC38DF}.Debug|ARM.Deploy.0 = Debug|ARM
		{D600C603-C831-4B53-AB6D-935564AC38DF}.Debug|x64.ActiveCfg = Debug|Win32
		{D600C603-C831-4B53-AB6D-935564AC38DF}.Debug|x86.ActiveCfg = Debug|Win32
		{D600C603-C831-4B53-AB6D-935564AC38DF}.Debug|x86.Build.0 = Debug|Win32
		{D600C603-C831-4B53-AB6D-935564AC38DF}.Debug|x86.Deploy.0 = Debug|Win32
		{D600C603-C831-4B53-AB6D-935564AC38DF}.Release|ARM.ActiveCfg = Release|ARM
		{D600C603-C831-4B53-AB6D-935564AC38DF}.Release|ARM.Build.0 = Release|ARM
		{D600C603-C831-4B53-AB6D-935564AC38DF}.Release|ARM.Deploy.0 = Release|ARM
		{D600C603-C831-4B53-AB6D-935564AC38DF}.Release|x64.ActiveCfg = Release|Win32
		{D600C603-C831-4B53-AB6D-935564AC38DF}.Release|x86.ActiveCfg = Release|Win32
		{D600C603-C831-4B53-AB6D-935564AC38DF}.Release|x86.Build.0 = Release|Win32
		{D600C603-C831-4B53-AB6D-935564AC38DF}.Release|x86.Deploy.0 = Release|Win32
		{584D1DC6-623E-47AC-A63F-0827D49B5CA3}.Debug|ARM.ActiveCfg = Debug|ARM
		{584D1DC6-623E-47AC-A63F-0827D49B5CA3}.Debug|ARM.Build.0 = Debug|ARM
		{584D1DC6-623E-47AC-A63F-0827D49B5CA3}.Debug|x64.ActiveCfg = Debug|x64
		{584D1DC6-623E-47AC-A63F-0827D49B5CA3}.Debug|x64.Build.0 = Debug|x64
		{584D1DC6-623E-47AC-A63F-0827D49B5CA3}.Debug|x86.ActiveCfg = Debug|Win32
		{584D1DC6-623E-47AC-A63F-0827D49B5CA3}.Debug|x86.Build.0 = Debug|Win32
		{584D1DC6-623E-47AC-A63F-0827D49B5CA3}.Release|ARM.ActiveCfg = Release|ARM
		{584D1DC6-623E-47AC-A63F-0827D49B5CA3}.Release|ARM.Build.0 = Release|ARM
		{584D1DC6-623E-47AC-A63F-0827D49B5CA3}.Release|x64.ActiveCfg = Release|x64
		{584D1DC6-623E-47AC-A63F-0827D49B5CA3}.Release|x64.Build.0 = Release|x64
		{584D1DC6-623E-47AC-A63F-0827D49B5CA3}.Release|x86.ActiveCfg = Release|Win32
		{584D1DC6-623E-47AC-A63F-0827D49B5CA3}.Release|x86.Build.0 = Release|Win32
	EndGlobalSection
	GlobalSection(SolutionProperties) = preSolution
		HideSolutionNode = FALSE
	EndGlobalSection
	GlobalSection(NestedProjects) = preSolution
		{21BDCD1A-9051-4937-9CC1-5C7813546D7D} = {CAE520FC-7325-4547-A5EA-98BC816E46DA}
		{DE051F03-9976-4426-B256-4B94FA79767D} = {CAE520FC-7325-4547-A5EA-98BC816E46DA}
		{D600C603-C831-4B53-AB6D-935564AC38DF} = {CAE520FC-7325-4547-A5EA-98BC816E46DA}
	EndGlobalSection
EndGlobal
